
Microsoft Visual Studio Solution File, Format Version 12.00
# Visual Studio 15
VisualStudioVersion = 15.0.28010.2016
MinimumVisualStudioVersion = 10.0.40219.1
Project("{FAE04EC0-301F-11D3-BF4B-00C04F79EFBC}") = "OOPpractice", "OOPpractice\OOPpractice.csproj", "{23AEC20A-227B-474D-831E-E075D207EB89}"
EndProject
Global
	GlobalSection(SolutionConfigurationPlatforms) = preSolution
		Debug|Any CPU = Debug|Any CPU
		Release|Any CPU = Release|Any CPU
	EndGlobalSection
	GlobalSection(ProjectConfigurationPlatforms) = postSolution
		{23AEC20A-227B-474D-831E-E075D207EB89}.Debug|Any CPU.ActiveCfg = Debug|Any CPU
		{23AEC20A-227B-474D-831E-E075D207EB89}.Debug|Any CPU.Build.0 = Debug|Any CPU
		{23AEC20A-227B-474D-831E-E075D207EB89}.Release|Any CPU.ActiveCfg = Release|Any CPU
		{23AEC20A-227B-474D-831E-E075D207EB89}.Release|Any CPU.Build.0 = Release|Any CPU
	EndGlobalSection
	GlobalSection(SolutionProperties) = preSolution
		HideSolutionNode = FALSE
	EndGlobalSection
	GlobalSection(ExtensibilityGlobals) = postSolution
		SolutionGuid = {2A0292AF-79D0-4B92-B666-F3F0839BD465}
	EndGlobalSection
EndGlobal
